// !$*UTF8*$!
{
	archiveVersion = 1;
	classes = {
	};
	objectVersion = 50;
	objects = {

/* Begin PBXBuildFile section */
		2CFCE6D9250B747A00AD0CFF /* AppDelegate.swift in Sources */ = {isa = PBXBuildFile; fileRef = 2CFCE6D8250B747A00AD0CFF /* AppDelegate.swift */; };
		2CFCE6DD250B747A00AD0CFF /* ViewController.swift in Sources */ = {isa = PBXBuildFile; fileRef = 2CFCE6DC250B747A00AD0CFF /* ViewController.swift */; };
		2CFCE6E0250B747A00AD0CFF /* Main.storyboard in Resources */ = {isa = PBXBuildFile; fileRef = 2CFCE6DE250B747A00AD0CFF /* Main.storyboard */; };
		2CFCE6E2250B747C00AD0CFF /* Assets.xcassets in Resources */ = {isa = PBXBuildFile; fileRef = 2CFCE6E1250B747C00AD0CFF /* Assets.xcassets */; };
		2CFCE6E5250B747C00AD0CFF /* LaunchScreen.storyboard in Resources */ = {isa = PBXBuildFile; fileRef = 2CFCE6E3250B747C00AD0CFF /* LaunchScreen.storyboard */; };
		2CFCE6ED250B758400AD0CFF /* CardView.xib in Resources */ = {isa = PBXBuildFile; fileRef = 2CFCE6EC250B758400AD0CFF /* CardView.xib */; };
		2CFCE6EF250B759500AD0CFF /* CardView.swift in Sources */ = {isa = PBXBuildFile; fileRef = 2CFCE6EE250B759500AD0CFF /* CardView.swift */; };
/* End PBXBuildFile section */

/* Begin PBXFileReference section */
		2CFCE6D5250B747A00AD0CFF /* TinderSwipe.app */ = {isa = PBXFileReference; explicitFileType = wrapper.application; includeInIndex = 0; path = TinderSwipe.app; sourceTree = BUILT_PRODUCTS_DIR; };
		2CFCE6D8250B747A00AD0CFF /* AppDelegate.swift */ = {isa = PBXFileReference; lastKnownFileType = sourcecode.swift; path = AppDelegate.swift; sourceTree = "<group>"; };
		2CFCE6DC250B747A00AD0CFF /* ViewController.swift */ = {isa = PBXFileReference; lastKnownFileType = sourcecode.swift; path = ViewController.swift; sourceTree = "<group>"; };
		2CFCE6DF250B747A00AD0CFF /* Base */ = {isa = PBXFileReference; lastKnownFileType = file.storyboard; name = Base; path = Base.lproj/Main.storyboard; sourceTree = "<group>"; };
		2CFCE6E1250B747C00AD0CFF /* Assets.xcassets */ = {isa = PBXFileReference; lastKnownFileType = folder.assetcatalog; path = Assets.xcassets; sourceTree = "<group>"; };
		2CFCE6E4250B747C00AD0CFF /* Base */ = {isa = PBXFileReference; lastKnownFileType = file.storyboard; name = Base; path = Base.lproj/LaunchScreen.storyboard; sourceTree = "<group>"; };
		2CFCE6E6250B747C00AD0CFF /* Info.plist */ = {isa = PBXFileReference; lastKnownFileType = text.plist.xml; path = Info.plist; sourceTree = "<group>"; };
		2CFCE6EC250B758400AD0CFF /* CardView.xib */ = {isa = PBXFileReference; lastKnownFileType = file.xib; path = CardView.xib; sourceTree = "<group>"; };
		2CFCE6EE250B759500AD0CFF /* CardView.swift */ = {isa = PBXFileReference; lastKnownFileType = sourcecode.swift; path = CardView.swift; sourceTree = "<group>"; };
/* End PBXFileReference section */

/* Begin PBXFrameworksBuildPhase section */
		2CFCE6D2250B747A00AD0CFF /* Frameworks */ = {
			isa = PBXFrameworksBuildPhase;
			buildActionMask = 2147483647;
			files = (
			);
			runOnlyForDeploymentPostprocessing = 0;
		};
/* End PBXFrameworksBuildPhase section */

/* Begin PBXGroup section */
		2CFCE6CC250B747A00AD0CFF = {
			isa = PBXGroup;
			children = (
				2CFCE6D7250B747A00AD0CFF /* TinderSwipe */,
				2CFCE6D6250B747A00AD0CFF /* Products */,
			);
			sourceTree = "<group>";
		};
		2CFCE6D6250B747A00AD0CFF /* Products */ = {
			isa = PBXGroup;
			children = (
				2CFCE6D5250B747A00AD0CFF /* TinderSwipe.app */,
			);
			name = Products;
			sourceTree = "<group>";
		};
		2CFCE6D7250B747A00AD0CFF /* TinderSwipe */ = {
			isa = PBXGroup;
			children = (
				2CFCE6D8250B747A00AD0CFF /* AppDelegate.swift */,
				2CFCE6DC250B747A00AD0CFF /* ViewController.swift */,
				2CFCE6DE250B747A00AD0CFF /* Main.storyboard */,
				2CFCE6E1250B747C00AD0CFF /* Assets.xcassets */,
				2CFCE6E3250B747C00AD0CFF /* LaunchScreen.storyboard */,
				2CFCE6E6250B747C00AD0CFF /* Info.plist */,
				2CFCE6EC250B758400AD0CFF /* CardView.xib */,
				2CFCE6EE250B759500AD0CFF /* CardView.swift */,
			);
			path = TinderSwipe;
			sourceTree = "<group>";
		};
/* End PBXGroup section */

/* Begin PBXNativeTarget section */
		2CFCE6D4250B747A00AD0CFF /* TinderSwipe */ = {
			isa = PBXNativeTarget;
			buildConfigurationList = 2CFCE6E9250B747C00AD0CFF /* Build configuration list for PBXNativeTarget "TinderSwipe" */;
			buildPhases = (
				2CFCE6D1250B747A00AD0CFF /* Sources */,
				2CFCE6D2250B747A00AD0CFF /* Frameworks */,
				2CFCE6D3250B747A00AD0CFF /* Resources */,
			);
			buildRules = (
			);
			dependencies = (
			);
			name = TinderSwipe;
			productName = TinderSwipe;
			productReference = 2CFCE6D5250B747A00AD0CFF /* TinderSwipe.app */;
			productType = "com.apple.product-type.application";
		};
/* End PBXNativeTarget section */

/* Begin PBXProject section */
		2CFCE6CD250B747A00AD0CFF /* Project object */ = {
			isa = PBXProject;
			attributes = {
				LastSwiftUpdateCheck = 1160;
				LastUpgradeCheck = 1160;
				ORGANIZATIONNAME = MB;
				TargetAttributes = {
					2CFCE6D4250B747A00AD0CFF = {
						CreatedOnToolsVersion = 11.6;
					};
				};
			};
			buildConfigurationList = 2CFCE6D0250B747A00AD0CFF /* Build configuration list for PBXProject "TinderSwipe" */;
			compatibilityVersion = "Xcode 9.3";
			developmentRegion = en;
			hasScannedForEncodings = 0;
			knownRegions = (
				en,
				Base,
			);
			mainGroup = 2CFCE6CC250B747A00AD0CFF;
			productRefGroup = 2CFCE6D6250B747A00AD0CFF /* Products */;
			projectDirPath = "";
			projectRoot = "";
			targets = (
				2CFCE6D4250B747A00AD0CFF /* TinderSwipe */,
			);
		};
/* End PBXProject section */

/* Begin PBXResourcesBuildPhase section */
		2CFCE6D3250B747A00AD0CFF /* Resources */ = {
			isa = PBXResourcesBuildPhase;
			buildActionMask = 2147483647;
			files = (
				2CFCE6E5250B747C00AD0CFF /* LaunchScreen.storyboard in Resources */,
				2CFCE6E2250B747C00AD0CFF /* Assets.xcassets in Resources */,
				2CFCE6ED250B758400AD0CFF /* CardView.xib in Resources */,
				2CFCE6E0250B747A00AD0CFF /* Main.storyboard in Resources */,
			);
			runOnlyForDeploymentPostprocessing = 0;
		};
/* End PBXResourcesBuildPhase section */

/* Begin PBXSourcesBuildPhase section */
		2CFCE6D1250B747A00AD0CFF /* Sources */ = {
			isa = PBXSourcesBuildPhase;
			buildActionMask = 2147483647;
			files = (
				2CFCE6DD250B747A00AD0CFF /* ViewController.swift in Sources */,
				2CFCE6EF250B759500AD0CFF /* CardView.swift in Sources */,
				2CFCE6D9250B747A00AD0CFF /* AppDelegate.swift in Sources */,
			);
			runOnlyForDeploymentPostprocessing = 0;
		};
/* End PBXSourcesBuildPhase section */

/* Begin PBXVariantGroup section */
		2CFCE6DE250B747A00AD0CFF /* Main.storyboard */ = {
			isa = PBXVariantGroup;
			children = (
				2CFCE6DF250B747A00AD0CFF /* Base */,
			);
			name = Main.storyboard;
			sourceTree = "<group>";
		};
		2CFCE6E3250B747C00AD0CFF /* LaunchScreen.storyboard */ = {
			isa = PBXVariantGroup;
			children = (
				2CFCE6E4250B747C00AD0CFF /* Base */,
			);
			name = LaunchScreen.storyboard;
			sourceTree = "<group>";
		};
/* End PBXVariantGroup section */

/* Begin XCBuildConfiguration section */
		2CFCE6E7250B747C00AD0CFF /* Debug */ = {
			isa = XCBuildConfiguration;
			buildSettings = {
				ALWAYS_SEARCH_USER_PATHS = NO;
				CLANG_ANALYZER_NONNULL = YES;
				CLANG_ANALYZER_NUMBER_OBJECT_CONVERSION = YES_AGGRESSIVE;
				CLANG_CXX_LANGUAGE_STANDARD = "gnu++14";
				CLANG_CXX_LIBRARY = "libc++";
				CLANG_ENABLE_MODULES = YES;
				CLANG_ENABLE_OBJC_ARC = YES;
				CLANG_ENABLE_OBJC_WEAK = YES;
				CLANG_WARN_BLOCK_CAPTURE_AUTORELEASING = YES;
				CLANG_WARN_BOOL_CONVERSION = YES;
				CLANG_WARN_COMMA = YES;
				CLANG_WARN_CONSTANT_CONVERSION = YES;
				CLANG_WARN_DEPRECATED_OBJC_IMPLEMENTATIONS = YES;
				CLANG_WARN_DIRECT_OBJC_ISA_USAGE = YES_ERROR;
				CLANG_WARN_DOCUMENTATION_COMMENTS = YES;
				CLANG_WARN_EMPTY_BODY = YES;
				CLANG_WARN_ENUM_CONVERSION = YES;
				CLANG_WARN_INFINITE_RECURSION = YES;
				CLANG_WARN_INT_CONVERSION = YES;
				CLANG_WARN_NON_LITERAL_NULL_CONVERSION = YES;
				CLANG_WARN_OBJC_IMPLICIT_RETAIN_SELF = YES;
				CLANG_WARN_OBJC_LITERAL_CONVERSION = YES;
				CLANG_WARN_OBJC_ROOT_CLASS = YES_ERROR;
				CLANG_WARN_RANGE_LOOP_ANALYSIS = YES;
				CLANG_WARN_STRICT_PROTOTYPES = YES;
				CLANG_WARN_SUSPICIOUS_MOVE = YES;
				CLANG_WARN_UNGUARDED_AVAILABILITY = YES_AGGRESSIVE;
				CLANG_WARN_UNREACHABLE_CODE = YES;
				CLANG_WARN__DUPLICATE_METHOD_MATCH = YES;
				COPY_PHASE_STRIP = NO;
				DEBUG_INFORMATION_FORMAT = dwarf;
				ENABLE_STRICT_OBJC_MSGSEND = YES;
				ENABLE_TESTABILITY = YES;
				GCC_C_LANGUAGE_STANDARD = gnu11;
				GCC_DYNAMIC_NO_PIC = NO;
				GCC_NO_COMMON_BLOCKS = YES;
				GCC_OPTIMIZATION_LEVEL = 0;
				GCC_PREPROCESSOR_DEFINITIONS = (
					"DEBUG=1",
					"$(inherited)",
				);
				GCC_WARN_64_TO_32_BIT_CONVERSION = YES;
				GCC_WARN_ABOUT_RETURN_TYPE = YES_ERROR;
				GCC_WARN_UNDECLARED_SELECTOR = YES;
				GCC_WARN_UNINITIALIZED_AUTOS = YES_AGGRESSIVE;
				GCC_WARN_UNUSED_FUNCTION = YES;
				GCC_WARN_UNUSED_VARIABLE = YES;
				IPHONEOS_DEPLOYMENT_TARGET = 13.6;
				MTL_ENABLE_DEBUG_INFO = INCLUDE_SOURCE;
				MTL_FAST_MATH = YES;
				ONLY_ACTIVE_ARCH = YES;
				SDKROOT = iphoneos;
				SWIFT_ACTIVE_COMPILATION_CONDITIONS = DEBUG;
				SWIFT_OPTIMIZATION_LEVEL = "-Onone";
			};
			name = Debug;
		};
		2CFCE6E8250B747C00AD0CFF /* Release */ = {
			isa = XCBuildConfiguration;
			buildSettings = {
				ALWAYS_SEARCH_USER_PATHS = NO;
				CLANG_ANALYZER_NONNULL = YES;
				CLANG_ANALYZER_NUMBER_OBJECT_CONVERSION = YES_AGGRESSIVE;
				CLANG_CXX_LANGUAGE_STANDARD = "gnu++14";
				CLANG_CXX_LIBRARY = "libc++";
				CLANG_ENABLE_MODULES = YES;
				CLANG_ENABLE_OBJC_ARC = YES;
				CLANG_ENABLE_OBJC_WEAK = YES;
				CLANG_WARN_BLOCK_CAPTURE_AUTORELEASING = YES;
				CLANG_WARN_BOOL_CONVERSION = YES;
				CLANG_WARN_COMMA = YES;
				CLANG_WARN_CONSTANT_CONVERSION = YES;
				CLANG_WARN_DEPRECATED_OBJC_IMPLEMENTATIONS = YES;
				CLANG_WARN_DIRECT_OBJC_ISA_USAGE = YES_ERROR;
				CLANG_WARN_DOCUMENTATION_COMMENTS = YES;
				CLANG_WARN_EMPTY_BODY = YES;
				CLANG_WARN_ENUM_CONVERSION = YES;
				CLANG_WARN_INFINITE_RECURSION = YES;
				CLANG_WARN_INT_CONVERSION = YES;
				CLANG_WARN_NON_LITERAL_NULL_CONVERSION = YES;
				CLANG_WARN_OBJC_IMPLICIT_RETAIN_SELF = YES;
				CLANG_WARN_OBJC_LITERAL_CONVERSION = YES;
				CLANG_WARN_OBJC_ROOT_CLASS = YES_ERROR;
				CLANG_WARN_RANGE_LOOP_ANALYSIS = YES;
				CLANG_WARN_STRICT_PROTOTYPES = YES;
				CLANG_WARN_SUSPICIOUS_MOVE = YES;
				CLANG_WARN_UNGUARDED_AVAILABILITY = YES_AGGRESSIVE;
				CLANG_WARN_UNREACHABLE_CODE = YES;
				CLANG_WARN__DUPLICATE_METHOD_MATCH = YES;
				COPY_PHASE_STRIP = NO;
				DEBUG_INFORMATION_FORMAT = "dwarf-with-dsym";
				ENABLE_NS_ASSERTIONS = NO;
				ENABLE_STRICT_OBJC_MSGSEND = YES;
				GCC_C_LANGUAGE_STANDARD = gnu11;
				GCC_NO_COMMON_BLOCKS = YES;
				GCC_WARN_64_TO_32_BIT_CONVERSION = YES;
				GCC_WARN_ABOUT_RETURN_TYPE = YES_ERROR;
				GCC_WARN_UNDECLARED_SELECTOR = YES;
				GCC_WARN_UNINITIALIZED_AUTOS = YES_AGGRESSIVE;
				GCC_WARN_UNUSED_FUNCTION = YES;
				GCC_WARN_UNUSED_VARIABLE = YES;
				IPHONEOS_DEPLOYMENT_TARGET = 13.6;
				MTL_ENABLE_DEBUG_INFO = NO;
				MTL_FAST_MATH = YES;
				SDKROOT = iphoneos;
				SWIFT_COMPILATION_MODE = wholemodule;
				SWIFT_OPTIMIZATION_LEVEL = "-O";
				VALIDATE_PRODUCT = YES;
			};
			name = Release;
		};
		2CFCE6EA250B747C00AD0CFF /* Debug */ = {
			isa = XCBuildConfiguration;
			buildSettings = {
				ASSETCATALOG_COMPILER_APPICON_NAME = AppIcon;
				CODE_SIGN_STYLE = Automatic;
				DEVELOPMENT_TEAM = T85JF8Y85D;
				INFOPLIST_FILE = TinderSwipe/Info.plist;
				LD_RUNPATH_SEARCH_PATHS = (
					"$(inherited)",
					"@executable_path/Frameworks",
				);
				PRODUCT_BUNDLE_IDENTIFIER = com.mb.TinderSwipe;
				PRODUCT_NAME = "$(TARGET_NAME)";
				SWIFT_VERSION = 5.0;
				TARGETED_DEVICE_FAMILY = "1,2";
			};
			name = Debug;
		};
		2CFCE6EB250B747C00AD0CFF /* Release */ = {
			isa = XCBuildConfiguration;
			buildSettings = {
				ASSETCATALOG_COMPILER_APPICON_NAME = AppIcon;
				CODE_SIGN_STYLE = Automatic;
				DEVELOPMENT_TEAM = T85JF8Y85D;
				INFOPLIST_FILE = TinderSwipe/Info.plist;
				LD_RUNPATH_SEARCH_PATHS = (
					"$(inherited)",
					"@executable_path/Frameworks",
				);
				PRODUCT_BUNDLE_IDENTIFIER = com.mb.TinderSwipe;
				PRODUCT_NAME = "$(TARGET_NAME)";
				SWIFT_VERSION = 5.0;
				TARGETED_DEVICE_FAMILY = "1,2";
			};
			name = Release;
		};
/* End XCBuildConfiguration section */

/* Begin XCConfigurationList section */
		2CFCE6D0250B747A00AD0CFF /* Build configuration list for PBXProject "TinderSwipe" */ = {
			isa = XCConfigurationList;
			buildConfigurations = (
				2CFCE6E7250B747C00AD0CFF /* Debug */,
				2CFCE6E8250B747C00AD0CFF /* Release */,
			);
			defaultConfigurationIsVisible = 0;
			defaultConfigurationName = Release;
		};
		2CFCE6E9250B747C00AD0CFF /* Build configuration list for PBXNativeTarget "TinderSwipe" */ = {
			isa = XCConfigurationList;
			buildConfigurations = (
				2CFCE6EA250B747C00AD0CFF /* Debug */,
				2CFCE6EB250B747C00AD0CFF /* Release */,
			);
			defaultConfigurationIsVisible = 0;
			defaultConfigurationName = Release;
		};
/* End XCConfigurationList section */
	};
	rootObject = 2CFCE6CD250B747A00AD0CFF /* Project object */;
}
